
Microsoft Visual Studio Solution File, Format Version 12.00
# Visual Studio Version 16
VisualStudioVersion = 16.0.30114.105
MinimumVisualStudioVersion = 10.0.40219.1
Project("{FAE04EC0-301F-11D3-BF4B-00C04F79EFBC}") = "TicTacToe.ClientApp", "TicTacToe.ClientApp\TicTacToe.ClientApp.csproj", "{70439FA7-5863-4914-AB79-A616E8FC9EE4}"
EndProject
Project("{FAE04EC0-301F-11D3-BF4B-00C04F79EFBC}") = "TicTacToe.API", "TicTacToe.API\TicTacToe.API.csproj", "{FF6C6035-691E-4512-B89B-CF0CF8DCE6A6}"
EndProject
Project("{FAE04EC0-301F-11D3-BF4B-00C04F79EFBC}") = "TicTacToe.Data", "TicTacToe.Data\TicTacToe.Data.csproj", "{D1769145-497F-4850-B78F-597D3D604E2E}"
EndProject
Project("{FAE04EC0-301F-11D3-BF4B-00C04F79EFBC}") = "TicTacToe.Models", "TicTacToe.Models\TicTacToe.Models.csproj", "{35E46DF1-A763-4611-ABF0-07F64868AC9B}"
EndProject
Project("{FAE04EC0-301F-11D3-BF4B-00C04F79EFBC}") = "TicTacToe.Services", "TicTacToe.Services\TicTacToe.Services.csproj", "{27E3E1E8-97AE-46F3-BA3F-81F2323C785B}"
EndProject
Project("{2150E333-8FDC-42A3-9474-1A3956D46DE8}") = "Test", "Test", "{DBEB5770-4CCD-4077-B1C2-D23B3B64C454}"
EndProject
Project("{F2A71F9B-5D33-465A-A702-920D77279786}") = "TicTacToe.Services.Test", "TicTacToe.Services.Test\TicTacToe.Services.Test.fsproj", "{91334CEF-01C5-4CD2-86D5-0082B78E5690}"
EndProject
Project("{FAE04EC0-301F-11D3-BF4B-00C04F79EFBC}") = "TicTacToe.API.Test", "TicTacToe.API.Test\TicTacToe.API.Test.csproj", "{7FD41604-76AA-488B-A1B5-1A0DE6AA0A8A}"
EndProject
Project("{2150E333-8FDC-42A3-9474-1A3956D46DE8}") = "App", "App", "{8204F0B4-1787-4609-8720-1C248DD67671}"
EndProject
Global
	GlobalSection(SolutionConfigurationPlatforms) = preSolution
		Debug|Any CPU = Debug|Any CPU
		Release|Any CPU = Release|Any CPU
	EndGlobalSection
	GlobalSection(ProjectConfigurationPlatforms) = postSolution
		{70439FA7-5863-4914-AB79-A616E8FC9EE4}.Debug|Any CPU.ActiveCfg = Debug|Any CPU
		{70439FA7-5863-4914-AB79-A616E8FC9EE4}.Debug|Any CPU.Build.0 = Debug|Any CPU
		{70439FA7-5863-4914-AB79-A616E8FC9EE4}.Release|Any CPU.ActiveCfg = Release|Any CPU
		{70439FA7-5863-4914-AB79-A616E8FC9EE4}.Release|Any CPU.Build.0 = Release|Any CPU
		{FF6C6035-691E-4512-B89B-CF0CF8DCE6A6}.Debug|Any CPU.ActiveCfg = Debug|Any CPU
		{FF6C6035-691E-4512-B89B-CF0CF8DCE6A6}.Debug|Any CPU.Build.0 = Debug|Any CPU
		{FF6C6035-691E-4512-B89B-CF0CF8DCE6A6}.Release|Any CPU.ActiveCfg = Release|Any CPU
		{FF6C6035-691E-4512-B89B-CF0CF8DCE6A6}.Release|Any CPU.Build.0 = Release|Any CPU
		{D1769145-497F-4850-B78F-597D3D604E2E}.Debug|Any CPU.ActiveCfg = Debug|Any CPU
		{D1769145-497F-4850-B78F-597D3D604E2E}.Debug|Any CPU.Build.0 = Debug|Any CPU
		{D1769145-497F-4850-B78F-597D3D604E2E}.Release|Any CPU.ActiveCfg = Release|Any CPU
		{D1769145-497F-4850-B78F-597D3D604E2E}.Release|Any CPU.Build.0 = Release|Any CPU
		{35E46DF1-A763-4611-ABF0-07F64868AC9B}.Debug|Any CPU.ActiveCfg = Debug|Any CPU
		{35E46DF1-A763-4611-ABF0-07F64868AC9B}.Debug|Any CPU.Build.0 = Debug|Any CPU
		{35E46DF1-A763-4611-ABF0-07F64868AC9B}.Release|Any CPU.ActiveCfg = Release|Any CPU
		{35E46DF1-A763-4611-ABF0-07F64868AC9B}.Release|Any CPU.Build.0 = Release|Any CPU
		{27E3E1E8-97AE-46F3-BA3F-81F2323C785B}.Debug|Any CPU.ActiveCfg = Debug|Any CPU
		{27E3E1E8-97AE-46F3-BA3F-81F2323C785B}.Debug|Any CPU.Build.0 = Debug|Any CPU
		{27E3E1E8-97AE-46F3-BA3F-81F2323C785B}.Release|Any CPU.ActiveCfg = Release|Any CPU
		{27E3E1E8-97AE-46F3-BA3F-81F2323C785B}.Release|Any CPU.Build.0 = Release|Any CPU
		{91334CEF-01C5-4CD2-86D5-0082B78E5690}.Debug|Any CPU.ActiveCfg = Debug|Any CPU
		{91334CEF-01C5-4CD2-86D5-0082B78E5690}.Debug|Any CPU.Build.0 = Debug|Any CPU
		{91334CEF-01C5-4CD2-86D5-0082B78E5690}.Release|Any CPU.ActiveCfg = Release|Any CPU
		{91334CEF-01C5-4CD2-86D5-0082B78E5690}.Release|Any CPU.Build.0 = Release|Any CPU
		{7FD41604-76AA-488B-A1B5-1A0DE6AA0A8A}.Debug|Any CPU.ActiveCfg = Debug|Any CPU
		{7FD41604-76AA-488B-A1B5-1A0DE6AA0A8A}.Debug|Any CPU.Build.0 = Debug|Any CPU
		{7FD41604-76AA-488B-A1B5-1A0DE6AA0A8A}.Release|Any CPU.ActiveCfg = Release|Any CPU
		{7FD41604-76AA-488B-A1B5-1A0DE6AA0A8A}.Release|Any CPU.Build.0 = Release|Any CPU
	EndGlobalSection
	GlobalSection(SolutionProperties) = preSolution
		HideSolutionNode = FALSE
	EndGlobalSection
	GlobalSection(NestedProjects) = preSolution
		{70439FA7-5863-4914-AB79-A616E8FC9EE4} = {8204F0B4-1787-4609-8720-1C248DD67671}
		{FF6C6035-691E-4512-B89B-CF0CF8DCE6A6} = {8204F0B4-1787-4609-8720-1C248DD67671}
		{D1769145-497F-4850-B78F-597D3D604E2E} = {8204F0B4-1787-4609-8720-1C248DD67671}
		{35E46DF1-A763-4611-ABF0-07F64868AC9B} = {8204F0B4-1787-4609-8720-1C248DD67671}
		{27E3E1E8-97AE-46F3-BA3F-81F2323C785B} = {8204F0B4-1787-4609-8720-1C248DD67671}
		{91334CEF-01C5-4CD2-86D5-0082B78E5690} = {DBEB5770-4CCD-4077-B1C2-D23B3B64C454}
		{7FD41604-76AA-488B-A1B5-1A0DE6AA0A8A} = {DBEB5770-4CCD-4077-B1C2-D23B3B64C454}
	EndGlobalSection
	GlobalSection(ExtensibilityGlobals) = postSolution
		SolutionGuid = {773046CE-AC2D-4EC8-97EC-1AA60B622C93}
	EndGlobalSection
EndGlobal
